
Microsoft Visual Studio Solution File, Format Version 12.00
# Visual Studio Version 16
VisualStudioVersion = 16.0.31624.102
MinimumVisualStudioVersion = 10.0.40219.1
Project("{9A19103F-16F7-4668-BE54-9A1E7A4F7556}") = "RacquetWebapp", "RacquetWebapp\RacquetWebapp.csproj", "{DC6D4751-A1D5-46DD-A21C-0D4656BDA517}"
EndProject
Project("{FAE04EC0-301F-11D3-BF4B-00C04F79EFBC}") = "UseCases", "UseCases\UseCases.csproj", "{C4DD8318-27DA-47C3-9A12-2C7279A98D2B}"
EndProject
Project("{FAE04EC0-301F-11D3-BF4B-00C04F79EFBC}") = "CoreBusiness", "CoreBusiness\CoreBusiness.csproj", "{930B89DA-A678-49A4-9749-31648D28813D}"
EndProject
Project("{FAE04EC0-301F-11D3-BF4B-00C04F79EFBC}") = "Plugins.DataStore.InMemory", "Plugins.DataStore.InMemory\Plugins.DataStore.InMemory.csproj", "{9880EB74-92FD-4C60-A50D-976C0412EA03}"
EndProject
Global
	GlobalSection(SolutionConfigurationPlatforms) = preSolution
		Debug|Any CPU = Debug|Any CPU
		Release|Any CPU = Release|Any CPU
	EndGlobalSection
	GlobalSection(ProjectConfigurationPlatforms) = postSolution
		{DC6D4751-A1D5-46DD-A21C-0D4656BDA517}.Debug|Any CPU.ActiveCfg = Debug|Any CPU
		{DC6D4751-A1D5-46DD-A21C-0D4656BDA517}.Debug|Any CPU.Build.0 = Debug|Any CPU
		{DC6D4751-A1D5-46DD-A21C-0D4656BDA517}.Release|Any CPU.ActiveCfg = Release|Any CPU
		{DC6D4751-A1D5-46DD-A21C-0D4656BDA517}.Release|Any CPU.Build.0 = Release|Any CPU
		{C4DD8318-27DA-47C3-9A12-2C7279A98D2B}.Debug|Any CPU.ActiveCfg = Debug|Any CPU
		{C4DD8318-27DA-47C3-9A12-2C7279A98D2B}.Debug|Any CPU.Build.0 = Debug|Any CPU
		{C4DD8318-27DA-47C3-9A12-2C7279A98D2B}.Release|Any CPU.ActiveCfg = Release|Any CPU
		{C4DD8318-27DA-47C3-9A12-2C7279A98D2B}.Release|Any CPU.Build.0 = Release|Any CPU
		{930B89DA-A678-49A4-9749-31648D28813D}.Debug|Any CPU.ActiveCfg = Debug|Any CPU
		{930B89DA-A678-49A4-9749-31648D28813D}.Debug|Any CPU.Build.0 = Debug|Any CPU
		{930B89DA-A678-49A4-9749-31648D28813D}.Release|Any CPU.ActiveCfg = Release|Any CPU
		{930B89DA-A678-49A4-9749-31648D28813D}.Release|Any CPU.Build.0 = Release|Any CPU
		{9880EB74-92FD-4C60-A50D-976C0412EA03}.Debug|Any CPU.ActiveCfg = Debug|Any CPU
		{9880EB74-92FD-4C60-A50D-976C0412EA03}.Debug|Any CPU.Build.0 = Debug|Any CPU
		{9880EB74-92FD-4C60-A50D-976C0412EA03}.Release|Any CPU.ActiveCfg = Release|Any CPU
		{9880EB74-92FD-4C60-A50D-976C0412EA03}.Release|Any CPU.Build.0 = Release|Any CPU
	EndGlobalSection
	GlobalSection(SolutionProperties) = preSolution
		HideSolutionNode = FALSE
	EndGlobalSection
	GlobalSection(ExtensibilityGlobals) = postSolution
		SolutionGuid = {D983132C-445D-4118-874E-D696095FFDB7}
	EndGlobalSection
EndGlobal
